
Microsoft Visual Studio Solution File, Format Version 12.00
# Visual Studio Version 16
VisualStudioVersion = 16.0.29411.108
MinimumVisualStudioVersion = 10.0.40219.1
Project("{FAE04EC0-301F-11D3-BF4B-00C04F79EFBC}") = "Agency", "Agency\Agency.csproj", "{FBA471C4-9CBD-432E-98F0-10698B698C3C}"
EndProject
Global
	GlobalSection(SolutionConfigurationPlatforms) = preSolution
		Debug|Any CPU = Debug|Any CPU
		Release|Any CPU = Release|Any CPU
	EndGlobalSection
	GlobalSection(ProjectConfigurationPlatforms) = postSolution
		{FBA471C4-9CBD-432E-98F0-10698B698C3C}.Debug|Any CPU.ActiveCfg = Debug|Any CPU
		{FBA471C4-9CBD-432E-98F0-10698B698C3C}.Debug|Any CPU.Build.0 = Debug|Any CPU
		{FBA471C4-9CBD-432E-98F0-10698B698C3C}.Release|Any CPU.ActiveCfg = Release|Any CPU
		{FBA471C4-9CBD-432E-98F0-10698B698C3C}.Release|Any CPU.Build.0 = Release|Any CPU
	EndGlobalSection
	GlobalSection(SolutionProperties) = preSolution
		HideSolutionNode = FALSE
	EndGlobalSection
	GlobalSection(ExtensibilityGlobals) = postSolution
		SolutionGuid = {5E7181A9-7BBF-4328-8942-81FD32FC6F9C}
	EndGlobalSection
EndGlobal
